
Microsoft Visual Studio Solution File, Format Version 12.00
# Visual Studio Version 17
VisualStudioVersion = 17.5.33530.505
MinimumVisualStudioVersion = 10.0.40219.1
Project("{9A19103F-16F7-4668-BE54-9A1E7A4F7556}") = "DemoIronOcr", "DemoIronOcr.csproj", "{1E54A165-E4B3-44AF-951A-80D0202F98B7}"
EndProject
Global
	GlobalSection(SolutionConfigurationPlatforms) = preSolution
		Debug|Any CPU = Debug|Any CPU
		Release|Any CPU = Release|Any CPU
	EndGlobalSection
	GlobalSection(ProjectConfigurationPlatforms) = postSolution
		{1E54A165-E4B3-44AF-951A-80D0202F98B7}.Debug|Any CPU.ActiveCfg = Debug|Any CPU
		{1E54A165-E4B3-44AF-951A-80D0202F98B7}.Debug|Any CPU.Build.0 = Debug|Any CPU
		{1E54A165-E4B3-44AF-951A-80D0202F98B7}.Release|Any CPU.ActiveCfg = Release|Any CPU
		{1E54A165-E4B3-44AF-951A-80D0202F98B7}.Release|Any CPU.Build.0 = Release|Any CPU
	EndGlobalSection
	GlobalSection(SolutionProperties) = preSolution
		HideSolutionNode = FALSE
	EndGlobalSection
	GlobalSection(ExtensibilityGlobals) = postSolution
		SolutionGuid = {95D3B503-70ED-4CF5-B8A1-D44D9C56015B}
	EndGlobalSection
EndGlobal
